#MicroXplorer Configuration settings - do not modify
Mcu.Family=STM32F0
NVIC.SysTick_IRQn=true\:0\:0\:false\:false\:true\:false\:true
RCC.PLLSourceVirtual=RCC_PLLSOURCE_HSE
ProjectManager.LastFirmware=true
ProjectManager.MainLocation=Src
RCC.VCOOutput2Freq_Value=8000000
ProjectManager.FirmwarePackage=STM32Cube FW_F0 V1.11.2
MxDb.Version=DB.6.0.10
ProjectManager.ProjectFileName=yaw-can-emu.ioc
ProjectManager.BackupPrevious=false
MxCube.Version=6.1.1
ProjectManager.KeepUserCode=true
PF0-OSC_IN.Locked=true
Mcu.UserName=STM32F042K4Ux
Mcu.PinsNb=6
ProjectManager.NoMain=false
File.Version=6
VP_SYS_VS_Systick.Mode=SysTick
CAN.CalculateBaudRate=166666
RCC.PLLCLKFreq_Value=16000000
NVIC.NonMaskableInt_IRQn=true\:0\:0\:false\:false\:true\:false\:false
CAN.IPParameters=CalculateTimeQuantum,CalculateTimeBit,CalculateBaudRate
NVIC.PendSV_IRQn=true\:0\:0\:false\:false\:true\:false\:false
ProjectManager.functionlistsort=1-MX_GPIO_Init-GPIO-false-HAL-true,2-SystemClock_Config-RCC-false-HAL-false,3-MX_CAN_Init-CAN-false-HAL-true,4-MX_WWDG_Init-WWDG-false-HAL-true
PA11.Mode=CAN_Activate
ProjectManager.FreePins=false
RCC.IPParameters=CECFreq_Value,FamilyName,HSICECFreq_Value,PLLCLKFreq_Value,PLLMCOFreq_Value,PLLSourceVirtual,SYSCLKSource,TimSysFreq_Value,VCOOutput2Freq_Value
ProjectManager.DefaultFWLocation=true
ProjectManager.AskForMigrate=true
Mcu.Name=STM32F042K(4-6)Ux
CAN.CalculateTimeQuantum=2000.0
ProjectManager.HalAssertFull=false
NVIC.SVC_IRQn=true\:0\:0\:false\:false\:true\:false\:false
ProjectManager.DeletePrevious=true
PF1-OSC_OUT.Locked=true
ProjectManager.ProjectName=yaw-can-emu
ProjectManager.UnderRoot=false
RCC.HSICECFreq_Value=32786.88524590164
RCC.PLLMCOFreq_Value=16000000
ProjectManager.CoupleFile=false
CAN.CalculateTimeBit=6000.00
PinOutPanel.RotationAngle=0
Mcu.Package=UFQFPN32
RCC.FamilyName=M
RCC.TimSysFreq_Value=8000000
RCC.SYSCLKSource=RCC_SYSCLKSOURCE_HSE
ProjectManager.StackSize=0x400
PA12.Mode=CAN_Activate
NVIC.ForceEnableDMAVector=true
KeepUserPlacement=false
Mcu.IP4=WWDG
ProjectManager.CompilerOptimize=6
Mcu.IP2=RCC
ProjectManager.ToolChainLocation=
Mcu.IP3=SYS
PA11.Signal=CAN_RX
VP_SYS_VS_Systick.Signal=SYS_VS_Systick
Mcu.IP0=CAN
PA11.Locked=true
Mcu.IP1=NVIC
PA12.Signal=CAN_TX
ProjectManager.HeapSize=0x200
NVIC.HardFault_IRQn=true\:0\:0\:false\:false\:true\:false\:false
Mcu.UserConstants=
VP_WWDG_VS_WWDG.Mode=WWDG_Activate
ProjectManager.TargetToolchain=EWARM V8.32
ProjectManager.ComputerToolchain=false
Mcu.ThirdPartyNb=0
Mcu.IPNb=5
ProjectManager.PreviousToolchain=
RCC.CECFreq_Value=32786.88524590164
ProjectManager.RegisterCallBack=
PF0-OSC_IN.Signal=RCC_OSC_IN
PF1-OSC_OUT.Mode=HSE-External-Oscillator
Mcu.Pin0=PF0-OSC_IN
PF0-OSC_IN.Mode=HSE-External-Oscillator
Mcu.Pin1=PF1-OSC_OUT
GPIO.groupedBy=
Mcu.Pin2=PA11
ProjectManager.CustomerFirmwarePackage=
Mcu.Pin3=PA12
ProjectManager.DeviceId=STM32F042K4Ux
Mcu.Pin4=VP_SYS_VS_Systick
Mcu.Pin5=VP_WWDG_VS_WWDG
PF1-OSC_OUT.Signal=RCC_OSC_OUT
ProjectManager.LibraryCopy=0
ProjectManager.ProjectBuild=false
VP_WWDG_VS_WWDG.Signal=WWDG_VS_WWDG
board=custom
